
Microsoft Visual Studio Solution File, Format Version 12.00
# Visual Studio Version 17
VisualStudioVersion = 17.0.32112.339
MinimumVisualStudioVersion = 10.0.40219.1
Project("{FAE04EC0-301F-11D3-BF4B-00C04F79EFBC}") = "CapaPresentacion", "proyecto final\CapaPresentacion.csproj", "{64DE3223-133C-4926-8A1C-CA0CE1DABA2E}"
EndProject
Project("{FAE04EC0-301F-11D3-BF4B-00C04F79EFBC}") = "CapaDatos", "CapaDatos\CapaDatos.csproj", "{77ADD8D6-ABA6-4531-8AA8-5E25659ED72D}"
EndProject
Project("{FAE04EC0-301F-11D3-BF4B-00C04F79EFBC}") = "CapaEntidad", "CapaEntidad\CapaEntidad.csproj", "{60D3FCEB-01BD-49B8-B623-F5494DA01869}"
EndProject
Project("{FAE04EC0-301F-11D3-BF4B-00C04F79EFBC}") = "CapaNegocio", "CapaNegocio\CapaNegocio.csproj", "{FDF9859B-2DFA-4444-B285-9C3DA0B26767}"
EndProject
Global
	GlobalSection(SolutionConfigurationPlatforms) = preSolution
		Debug|Any CPU = Debug|Any CPU
		Release|Any CPU = Release|Any CPU
	EndGlobalSection
	GlobalSection(ProjectConfigurationPlatforms) = postSolution
		{64DE3223-133C-4926-8A1C-CA0CE1DABA2E}.Debug|Any CPU.ActiveCfg = Debug|Any CPU
		{64DE3223-133C-4926-8A1C-CA0CE1DABA2E}.Debug|Any CPU.Build.0 = Debug|Any CPU
		{64DE3223-133C-4926-8A1C-CA0CE1DABA2E}.Release|Any CPU.ActiveCfg = Release|Any CPU
		{64DE3223-133C-4926-8A1C-CA0CE1DABA2E}.Release|Any CPU.Build.0 = Release|Any CPU
		{77ADD8D6-ABA6-4531-8AA8-5E25659ED72D}.Debug|Any CPU.ActiveCfg = Debug|Any CPU
		{77ADD8D6-ABA6-4531-8AA8-5E25659ED72D}.Debug|Any CPU.Build.0 = Debug|Any CPU
		{77ADD8D6-ABA6-4531-8AA8-5E25659ED72D}.Release|Any CPU.ActiveCfg = Release|Any CPU
		{77ADD8D6-ABA6-4531-8AA8-5E25659ED72D}.Release|Any CPU.Build.0 = Release|Any CPU
		{60D3FCEB-01BD-49B8-B623-F5494DA01869}.Debug|Any CPU.ActiveCfg = Debug|Any CPU
		{60D3FCEB-01BD-49B8-B623-F5494DA01869}.Debug|Any CPU.Build.0 = Debug|Any CPU
		{60D3FCEB-01BD-49B8-B623-F5494DA01869}.Release|Any CPU.ActiveCfg = Release|Any CPU
		{60D3FCEB-01BD-49B8-B623-F5494DA01869}.Release|Any CPU.Build.0 = Release|Any CPU
		{FDF9859B-2DFA-4444-B285-9C3DA0B26767}.Debug|Any CPU.ActiveCfg = Debug|Any CPU
		{FDF9859B-2DFA-4444-B285-9C3DA0B26767}.Debug|Any CPU.Build.0 = Debug|Any CPU
		{FDF9859B-2DFA-4444-B285-9C3DA0B26767}.Release|Any CPU.ActiveCfg = Release|Any CPU
		{FDF9859B-2DFA-4444-B285-9C3DA0B26767}.Release|Any CPU.Build.0 = Release|Any CPU
	EndGlobalSection
	GlobalSection(SolutionProperties) = preSolution
		HideSolutionNode = FALSE
	EndGlobalSection
	GlobalSection(ExtensibilityGlobals) = postSolution
		SolutionGuid = {39C619B3-D7ED-4F58-A73A-1B31FB215007}
	EndGlobalSection
EndGlobal
